// !$*UTF8*$!
{
	archiveVersion = 1;
	classes = {
	};
	objectVersion = 51;
	objects = {

/* Begin PBXBuildFile section */
		D628A3CD26630C20005D20FB /* SearchViewController.swift in Sources */ = {isa = PBXBuildFile; fileRef = D628A3CC26630C20005D20FB /* SearchViewController.swift */; };
		D69067492658795E00716728 /* AppDelegate.swift in Sources */ = {isa = PBXBuildFile; fileRef = D69067482658795E00716728 /* AppDelegate.swift */; };
		D690674B2658795E00716728 /* SceneDelegate.swift in Sources */ = {isa = PBXBuildFile; fileRef = D690674A2658795E00716728 /* SceneDelegate.swift */; };
		D69067502658795E00716728 /* Main.storyboard in Resources */ = {isa = PBXBuildFile; fileRef = D690674E2658795E00716728 /* Main.storyboard */; };
		D69067522658795E00716728 /* Assets.xcassets in Resources */ = {isa = PBXBuildFile; fileRef = D69067512658795E00716728 /* Assets.xcassets */; };
		D69067552658795E00716728 /* LaunchScreen.storyboard in Resources */ = {isa = PBXBuildFile; fileRef = D69067532658795E00716728 /* LaunchScreen.storyboard */; };
		D690675E2658958B00716728 /* SearchBookCardCell.swift in Sources */ = {isa = PBXBuildFile; fileRef = D690675C2658958B00716728 /* SearchBookCardCell.swift */; };
		D690675F2658958B00716728 /* SearchBookCardCell.xib in Resources */ = {isa = PBXBuildFile; fileRef = D690675D2658958B00716728 /* SearchBookCardCell.xib */; };
		D6954B7626719A7F005CC0AC /* WebViewController.swift in Sources */ = {isa = PBXBuildFile; fileRef = D6954B7526719A7F005CC0AC /* WebViewController.swift */; };
		D6954B7826719A96005CC0AC /* WebKit.framework in Frameworks */ = {isa = PBXBuildFile; fileRef = D6954B7726719A96005CC0AC /* WebKit.framework */; };
		D6A9087D2666F36D00670EDC /* GoogleBooksAPIParams.swift in Sources */ = {isa = PBXBuildFile; fileRef = D6A9087C2666F36D00670EDC /* GoogleBooksAPIParams.swift */; };
		D6A9087F2666FA9800670EDC /* GoogleBooksAPIModel.swift in Sources */ = {isa = PBXBuildFile; fileRef = D6A9087E2666FA9800670EDC /* GoogleBooksAPIModel.swift */; };
		D6AE74C926709EB900CDA6FA /* FavoriteBookCardViewController.swift in Sources */ = {isa = PBXBuildFile; fileRef = D6AE74C826709EB900CDA6FA /* FavoriteBookCardViewController.swift */; };
		D6AE74CB2670A20B00CDA6FA /* FavoriteBookDB.swift in Sources */ = {isa = PBXBuildFile; fileRef = D6AE74CA2670A20B00CDA6FA /* FavoriteBookDB.swift */; };
		D6AE74CD2670A92D00CDA6FA /* FavoriteBookDBParams.swift in Sources */ = {isa = PBXBuildFile; fileRef = D6AE74CC2670A92D00CDA6FA /* FavoriteBookDBParams.swift */; };
		D6E2DB022668E652004EB6D4 /* BookSearchDataViewController.swift in Sources */ = {isa = PBXBuildFile; fileRef = D6E2DB012668E652004EB6D4 /* BookSearchDataViewController.swift */; };
		EF8A5376EB79C78B085BF1AC /* Pods_BookResearchApp.framework in Frameworks */ = {isa = PBXBuildFile; fileRef = 987FDE65DC7D3ECC465D64C2 /* Pods_BookResearchApp.framework */; };
/* End PBXBuildFile section */

/* Begin PBXFileReference section */
		10F8E80EB6BDF1BF3963DCC9 /* Pods-BookResearchApp.debug.xcconfig */ = {isa = PBXFileReference; includeInIndex = 1; lastKnownFileType = text.xcconfig; name = "Pods-BookResearchApp.debug.xcconfig"; path = "Target Support Files/Pods-BookResearchApp/Pods-BookResearchApp.debug.xcconfig"; sourceTree = "<group>"; };
		987FDE65DC7D3ECC465D64C2 /* Pods_BookResearchApp.framework */ = {isa = PBXFileReference; explicitFileType = wrapper.framework; includeInIndex = 0; path = Pods_BookResearchApp.framework; sourceTree = BUILT_PRODUCTS_DIR; };
		C78B42C71F1E9D9B287A3A11 /* Pods-BookResearchApp.release.xcconfig */ = {isa = PBXFileReference; includeInIndex = 1; lastKnownFileType = text.xcconfig; name = "Pods-BookResearchApp.release.xcconfig"; path = "Target Support Files/Pods-BookResearchApp/Pods-BookResearchApp.release.xcconfig"; sourceTree = "<group>"; };
		D628A3CC26630C20005D20FB /* SearchViewController.swift */ = {isa = PBXFileReference; lastKnownFileType = sourcecode.swift; path = SearchViewController.swift; sourceTree = "<group>"; };
		D69067452658795E00716728 /* BookResearchApp.app */ = {isa = PBXFileReference; explicitFileType = wrapper.application; includeInIndex = 0; path = BookResearchApp.app; sourceTree = BUILT_PRODUCTS_DIR; };
		D69067482658795E00716728 /* AppDelegate.swift */ = {isa = PBXFileReference; lastKnownFileType = sourcecode.swift; path = AppDelegate.swift; sourceTree = "<group>"; };
		D690674A2658795E00716728 /* SceneDelegate.swift */ = {isa = PBXFileReference; lastKnownFileType = sourcecode.swift; path = SceneDelegate.swift; sourceTree = "<group>"; };
		D690674F2658795E00716728 /* Base */ = {isa = PBXFileReference; lastKnownFileType = file.storyboard; name = Base; path = Base.lproj/Main.storyboard; sourceTree = "<group>"; };
		D69067512658795E00716728 /* Assets.xcassets */ = {isa = PBXFileReference; lastKnownFileType = folder.assetcatalog; path = Assets.xcassets; sourceTree = "<group>"; };
		D69067542658795E00716728 /* Base */ = {isa = PBXFileReference; lastKnownFileType = file.storyboard; name = Base; path = Base.lproj/LaunchScreen.storyboard; sourceTree = "<group>"; };
		D69067562658795E00716728 /* Info.plist */ = {isa = PBXFileReference; lastKnownFileType = text.plist.xml; path = Info.plist; sourceTree = "<group>"; };
		D690675C2658958B00716728 /* SearchBookCardCell.swift */ = {isa = PBXFileReference; lastKnownFileType = sourcecode.swift; path = SearchBookCardCell.swift; sourceTree = "<group>"; };
		D690675D2658958B00716728 /* SearchBookCardCell.xib */ = {isa = PBXFileReference; lastKnownFileType = file.xib; path = SearchBookCardCell.xib; sourceTree = "<group>"; };
		D6954B7526719A7F005CC0AC /* WebViewController.swift */ = {isa = PBXFileReference; lastKnownFileType = sourcecode.swift; path = WebViewController.swift; sourceTree = "<group>"; };
		D6954B7726719A96005CC0AC /* WebKit.framework */ = {isa = PBXFileReference; lastKnownFileType = wrapper.framework; name = WebKit.framework; path = System/Library/Frameworks/WebKit.framework; sourceTree = SDKROOT; };
		D6A9087C2666F36D00670EDC /* GoogleBooksAPIParams.swift */ = {isa = PBXFileReference; lastKnownFileType = sourcecode.swift; path = GoogleBooksAPIParams.swift; sourceTree = "<group>"; };
		D6A9087E2666FA9800670EDC /* GoogleBooksAPIModel.swift */ = {isa = PBXFileReference; lastKnownFileType = sourcecode.swift; path = GoogleBooksAPIModel.swift; sourceTree = "<group>"; };
		D6AE74C826709EB900CDA6FA /* FavoriteBookCardViewController.swift */ = {isa = PBXFileReference; fileEncoding = 4; lastKnownFileType = sourcecode.swift; path = FavoriteBookCardViewController.swift; sourceTree = "<group>"; };
		D6AE74CA2670A20B00CDA6FA /* FavoriteBookDB.swift */ = {isa = PBXFileReference; lastKnownFileType = sourcecode.swift; path = FavoriteBookDB.swift; sourceTree = "<group>"; };
		D6AE74CC2670A92D00CDA6FA /* FavoriteBookDBParams.swift */ = {isa = PBXFileReference; lastKnownFileType = sourcecode.swift; path = FavoriteBookDBParams.swift; sourceTree = "<group>"; };
		D6E2DB012668E652004EB6D4 /* BookSearchDataViewController.swift */ = {isa = PBXFileReference; lastKnownFileType = sourcecode.swift; path = BookSearchDataViewController.swift; sourceTree = "<group>"; };
/* End PBXFileReference section */

/* Begin PBXFrameworksBuildPhase section */
		D69067422658795E00716728 /* Frameworks */ = {
			isa = PBXFrameworksBuildPhase;
			buildActionMask = 2147483647;
			files = (
				D6954B7826719A96005CC0AC /* WebKit.framework in Frameworks */,
				EF8A5376EB79C78B085BF1AC /* Pods_BookResearchApp.framework in Frameworks */,
			);
			runOnlyForDeploymentPostprocessing = 0;
		};
/* End PBXFrameworksBuildPhase section */

/* Begin PBXGroup section */
		288D5F32DCD2D520AF5F9CE3 /* Pods */ = {
			isa = PBXGroup;
			children = (
				10F8E80EB6BDF1BF3963DCC9 /* Pods-BookResearchApp.debug.xcconfig */,
				C78B42C71F1E9D9B287A3A11 /* Pods-BookResearchApp.release.xcconfig */,
			);
			path = Pods;
			sourceTree = "<group>";
		};
		302752563EE6758CF72FE17E /* Frameworks */ = {
			isa = PBXGroup;
			children = (
				D6954B7726719A96005CC0AC /* WebKit.framework */,
				987FDE65DC7D3ECC465D64C2 /* Pods_BookResearchApp.framework */,
			);
			name = Frameworks;
			sourceTree = "<group>";
		};
		D628A3C926630AC0005D20FB /* Model */ = {
			isa = PBXGroup;
			children = (
				D6A9087C2666F36D00670EDC /* GoogleBooksAPIParams.swift */,
				D6A9087E2666FA9800670EDC /* GoogleBooksAPIModel.swift */,
				D6AE74CA2670A20B00CDA6FA /* FavoriteBookDB.swift */,
				D6AE74CC2670A92D00CDA6FA /* FavoriteBookDBParams.swift */,
			);
			path = Model;
			sourceTree = "<group>";
		};
		D628A3CA26630ACD005D20FB /* View */ = {
			isa = PBXGroup;
			children = (
				D690674E2658795E00716728 /* Main.storyboard */,
				D690675C2658958B00716728 /* SearchBookCardCell.swift */,
				D690675D2658958B00716728 /* SearchBookCardCell.xib */,
			);
			path = View;
			sourceTree = "<group>";
		};
		D628A3CB26630ADD005D20FB /* Controller */ = {
			isa = PBXGroup;
			children = (
				D628A3CC26630C20005D20FB /* SearchViewController.swift */,
				D6E2DB012668E652004EB6D4 /* BookSearchDataViewController.swift */,
				D6AE74C826709EB900CDA6FA /* FavoriteBookCardViewController.swift */,
				D6954B7526719A7F005CC0AC /* WebViewController.swift */,
			);
			path = Controller;
			sourceTree = "<group>";
		};
		D690673C2658795E00716728 = {
			isa = PBXGroup;
			children = (
				D69067472658795E00716728 /* BookResearchApp */,
				D69067462658795E00716728 /* Products */,
				288D5F32DCD2D520AF5F9CE3 /* Pods */,
				302752563EE6758CF72FE17E /* Frameworks */,
			);
			sourceTree = "<group>";
		};
		D69067462658795E00716728 /* Products */ = {
			isa = PBXGroup;
			children = (
				D69067452658795E00716728 /* BookResearchApp.app */,
			);
			name = Products;
			sourceTree = "<group>";
		};
		D69067472658795E00716728 /* BookResearchApp */ = {
			isa = PBXGroup;
			children = (
				D69067482658795E00716728 /* AppDelegate.swift */,
				D690674A2658795E00716728 /* SceneDelegate.swift */,
				D628A3C926630AC0005D20FB /* Model */,
				D628A3CA26630ACD005D20FB /* View */,
				D628A3CB26630ADD005D20FB /* Controller */,
				D69067512658795E00716728 /* Assets.xcassets */,
				D69067532658795E00716728 /* LaunchScreen.storyboard */,
				D69067562658795E00716728 /* Info.plist */,
			);
			path = BookResearchApp;
			sourceTree = "<group>";
		};
/* End PBXGroup section */

/* Begin PBXNativeTarget section */
		D69067442658795E00716728 /* BookResearchApp */ = {
			isa = PBXNativeTarget;
			buildConfigurationList = D69067592658795E00716728 /* Build configuration list for PBXNativeTarget "BookResearchApp" */;
			buildPhases = (
				B2E887ACBF1A087E7368237C /* [CP] Check Pods Manifest.lock */,
				D69067412658795E00716728 /* Sources */,
				D69067422658795E00716728 /* Frameworks */,
				D69067432658795E00716728 /* Resources */,
				65AA25D3C40605977CBFFB5E /* [CP] Embed Pods Frameworks */,
			);
			buildRules = (
			);
			dependencies = (
			);
			name = BookResearchApp;
			productName = BookResearchApp;
			productReference = D69067452658795E00716728 /* BookResearchApp.app */;
			productType = "com.apple.product-type.application";
		};
/* End PBXNativeTarget section */

/* Begin PBXProject section */
		D690673D2658795E00716728 /* Project object */ = {
			isa = PBXProject;
			attributes = {
				LastSwiftUpdateCheck = 1250;
				LastUpgradeCheck = 1250;
				TargetAttributes = {
					D69067442658795E00716728 = {
						CreatedOnToolsVersion = 12.5;
					};
				};
			};
			buildConfigurationList = D69067402658795E00716728 /* Build configuration list for PBXProject "BookResearchApp" */;
			compatibilityVersion = "Xcode 9.3";
			developmentRegion = en;
			hasScannedForEncodings = 0;
			knownRegions = (
				en,
				Base,
			);
			mainGroup = D690673C2658795E00716728;
			productRefGroup = D69067462658795E00716728 /* Products */;
			projectDirPath = "";
			projectRoot = "";
			targets = (
				D69067442658795E00716728 /* BookResearchApp */,
			);
		};
/* End PBXProject section */

/* Begin PBXResourcesBuildPhase section */
		D69067432658795E00716728 /* Resources */ = {
			isa = PBXResourcesBuildPhase;
			buildActionMask = 2147483647;
			files = (
				D69067552658795E00716728 /* LaunchScreen.storyboard in Resources */,
				D69067522658795E00716728 /* Assets.xcassets in Resources */,
				D690675F2658958B00716728 /* SearchBookCardCell.xib in Resources */,
				D69067502658795E00716728 /* Main.storyboard in Resources */,
			);
			runOnlyForDeploymentPostprocessing = 0;
		};
/* End PBXResourcesBuildPhase section */

/* Begin PBXShellScriptBuildPhase section */
		65AA25D3C40605977CBFFB5E /* [CP] Embed Pods Frameworks */ = {
			isa = PBXShellScriptBuildPhase;
			buildActionMask = 2147483647;
			files = (
			);
			inputFileListPaths = (
				"${PODS_ROOT}/Target Support Files/Pods-BookResearchApp/Pods-BookResearchApp-frameworks-${CONFIGURATION}-input-files.xcfilelist",
			);
			name = "[CP] Embed Pods Frameworks";
			outputFileListPaths = (
				"${PODS_ROOT}/Target Support Files/Pods-BookResearchApp/Pods-BookResearchApp-frameworks-${CONFIGURATION}-output-files.xcfilelist",
			);
			runOnlyForDeploymentPostprocessing = 0;
			shellPath = /bin/sh;
			shellScript = "\"${PODS_ROOT}/Target Support Files/Pods-BookResearchApp/Pods-BookResearchApp-frameworks.sh\"\n";
			showEnvVarsInLog = 0;
		};
		B2E887ACBF1A087E7368237C /* [CP] Check Pods Manifest.lock */ = {
			isa = PBXShellScriptBuildPhase;
			buildActionMask = 2147483647;
			files = (
			);
			inputFileListPaths = (
			);
			inputPaths = (
				"${PODS_PODFILE_DIR_PATH}/Podfile.lock",
				"${PODS_ROOT}/Manifest.lock",
			);
			name = "[CP] Check Pods Manifest.lock";
			outputFileListPaths = (
			);
			outputPaths = (
				"$(DERIVED_FILE_DIR)/Pods-BookResearchApp-checkManifestLockResult.txt",
			);
			runOnlyForDeploymentPostprocessing = 0;
			shellPath = /bin/sh;
			shellScript = "diff \"${PODS_PODFILE_DIR_PATH}/Podfile.lock\" \"${PODS_ROOT}/Manifest.lock\" > /dev/null\nif [ $? != 0 ] ; then\n    # print error to STDERR\n    echo \"error: The sandbox is not in sync with the Podfile.lock. Run 'pod install' or update your CocoaPods installation.\" >&2\n    exit 1\nfi\n# This output is used by Xcode 'outputs' to avoid re-running this script phase.\necho \"SUCCESS\" > \"${SCRIPT_OUTPUT_FILE_0}\"\n";
			showEnvVarsInLog = 0;
		};
/* End PBXShellScriptBuildPhase section */

/* Begin PBXSourcesBuildPhase section */
		D69067412658795E00716728 /* Sources */ = {
			isa = PBXSourcesBuildPhase;
			buildActionMask = 2147483647;
			files = (
				D690675E2658958B00716728 /* SearchBookCardCell.swift in Sources */,
				D6954B7626719A7F005CC0AC /* WebViewController.swift in Sources */,
				D6AE74CB2670A20B00CDA6FA /* FavoriteBookDB.swift in Sources */,
				D6AE74CD2670A92D00CDA6FA /* FavoriteBookDBParams.swift in Sources */,
				D6E2DB022668E652004EB6D4 /* BookSearchDataViewController.swift in Sources */,
				D69067492658795E00716728 /* AppDelegate.swift in Sources */,
				D6AE74C926709EB900CDA6FA /* FavoriteBookCardViewController.swift in Sources */,
				D6A9087F2666FA9800670EDC /* GoogleBooksAPIModel.swift in Sources */,
				D628A3CD26630C20005D20FB /* SearchViewController.swift in Sources */,
				D6A9087D2666F36D00670EDC /* GoogleBooksAPIParams.swift in Sources */,
				D690674B2658795E00716728 /* SceneDelegate.swift in Sources */,
			);
			runOnlyForDeploymentPostprocessing = 0;
		};
/* End PBXSourcesBuildPhase section */

/* Begin PBXVariantGroup section */
		D690674E2658795E00716728 /* Main.storyboard */ = {
			isa = PBXVariantGroup;
			children = (
				D690674F2658795E00716728 /* Base */,
			);
			name = Main.storyboard;
			sourceTree = "<group>";
		};
		D69067532658795E00716728 /* LaunchScreen.storyboard */ = {
			isa = PBXVariantGroup;
			children = (
				D69067542658795E00716728 /* Base */,
			);
			name = LaunchScreen.storyboard;
			sourceTree = "<group>";
		};
/* End PBXVariantGroup section */

/* Begin XCBuildConfiguration section */
		D69067572658795E00716728 /* Debug */ = {
			isa = XCBuildConfiguration;
			buildSettings = {
				ALWAYS_SEARCH_USER_PATHS = NO;
				CLANG_ANALYZER_NONNULL = YES;
				CLANG_ANALYZER_NUMBER_OBJECT_CONVERSION = YES_AGGRESSIVE;
				CLANG_CXX_LANGUAGE_STANDARD = "gnu++14";
				CLANG_CXX_LIBRARY = "libc++";
				CLANG_ENABLE_MODULES = YES;
				CLANG_ENABLE_OBJC_ARC = YES;
				CLANG_ENABLE_OBJC_WEAK = YES;
				CLANG_WARN_BLOCK_CAPTURE_AUTORELEASING = YES;
				CLANG_WARN_BOOL_CONVERSION = YES;
				CLANG_WARN_COMMA = YES;
				CLANG_WARN_CONSTANT_CONVERSION = YES;
				CLANG_WARN_DEPRECATED_OBJC_IMPLEMENTATIONS = YES;
				CLANG_WARN_DIRECT_OBJC_ISA_USAGE = YES_ERROR;
				CLANG_WARN_DOCUMENTATION_COMMENTS = YES;
				CLANG_WARN_EMPTY_BODY = YES;
				CLANG_WARN_ENUM_CONVERSION = YES;
				CLANG_WARN_INFINITE_RECURSION = YES;
				CLANG_WARN_INT_CONVERSION = YES;
				CLANG_WARN_NON_LITERAL_NULL_CONVERSION = YES;
				CLANG_WARN_OBJC_IMPLICIT_RETAIN_SELF = YES;
				CLANG_WARN_OBJC_LITERAL_CONVERSION = YES;
				CLANG_WARN_OBJC_ROOT_CLASS = YES_ERROR;
				CLANG_WARN_QUOTED_INCLUDE_IN_FRAMEWORK_HEADER = YES;
				CLANG_WARN_RANGE_LOOP_ANALYSIS = YES;
				CLANG_WARN_STRICT_PROTOTYPES = YES;
				CLANG_WARN_SUSPICIOUS_MOVE = YES;
				CLANG_WARN_UNGUARDED_AVAILABILITY = YES_AGGRESSIVE;
				CLANG_WARN_UNREACHABLE_CODE = YES;
				CLANG_WARN__DUPLICATE_METHOD_MATCH = YES;
				COPY_PHASE_STRIP = NO;
				DEBUG_INFORMATION_FORMAT = dwarf;
				ENABLE_STRICT_OBJC_MSGSEND = YES;
				ENABLE_TESTABILITY = YES;
				GCC_C_LANGUAGE_STANDARD = gnu11;
				GCC_DYNAMIC_NO_PIC = NO;
				GCC_NO_COMMON_BLOCKS = YES;
				GCC_OPTIMIZATION_LEVEL = 0;
				GCC_PREPROCESSOR_DEFINITIONS = (
					"DEBUG=1",
					"$(inherited)",
				);
				GCC_WARN_64_TO_32_BIT_CONVERSION = YES;
				GCC_WARN_ABOUT_RETURN_TYPE = YES_ERROR;
				GCC_WARN_UNDECLARED_SELECTOR = YES;
				GCC_WARN_UNINITIALIZED_AUTOS = YES_AGGRESSIVE;
				GCC_WARN_UNUSED_FUNCTION = YES;
				GCC_WARN_UNUSED_VARIABLE = YES;
				IPHONEOS_DEPLOYMENT_TARGET = 14.5;
				MTL_ENABLE_DEBUG_INFO = INCLUDE_SOURCE;
				MTL_FAST_MATH = YES;
				ONLY_ACTIVE_ARCH = YES;
				SDKROOT = iphoneos;
				SWIFT_ACTIVE_COMPILATION_CONDITIONS = DEBUG;
				SWIFT_OPTIMIZATION_LEVEL = "-Onone";
			};
			name = Debug;
		};
		D69067582658795E00716728 /* Release */ = {
			isa = XCBuildConfiguration;
			buildSettings = {
				ALWAYS_SEARCH_USER_PATHS = NO;
				CLANG_ANALYZER_NONNULL = YES;
				CLANG_ANALYZER_NUMBER_OBJECT_CONVERSION = YES_AGGRESSIVE;
				CLANG_CXX_LANGUAGE_STANDARD = "gnu++14";
				CLANG_CXX_LIBRARY = "libc++";
				CLANG_ENABLE_MODULES = YES;
				CLANG_ENABLE_OBJC_ARC = YES;
				CLANG_ENABLE_OBJC_WEAK = YES;
				CLANG_WARN_BLOCK_CAPTURE_AUTORELEASING = YES;
				CLANG_WARN_BOOL_CONVERSION = YES;
				CLANG_WARN_COMMA = YES;
				CLANG_WARN_CONSTANT_CONVERSION = YES;
				CLANG_WARN_DEPRECATED_OBJC_IMPLEMENTATIONS = YES;
				CLANG_WARN_DIRECT_OBJC_ISA_USAGE = YES_ERROR;
				CLANG_WARN_DOCUMENTATION_COMMENTS = YES;
				CLANG_WARN_EMPTY_BODY = YES;
				CLANG_WARN_ENUM_CONVERSION = YES;
				CLANG_WARN_INFINITE_RECURSION = YES;
				CLANG_WARN_INT_CONVERSION = YES;
				CLANG_WARN_NON_LITERAL_NULL_CONVERSION = YES;
				CLANG_WARN_OBJC_IMPLICIT_RETAIN_SELF = YES;
				CLANG_WARN_OBJC_LITERAL_CONVERSION = YES;
				CLANG_WARN_OBJC_ROOT_CLASS = YES_ERROR;
				CLANG_WARN_QUOTED_INCLUDE_IN_FRAMEWORK_HEADER = YES;
				CLANG_WARN_RANGE_LOOP_ANALYSIS = YES;
				CLANG_WARN_STRICT_PROTOTYPES = YES;
				CLANG_WARN_SUSPICIOUS_MOVE = YES;
				CLANG_WARN_UNGUARDED_AVAILABILITY = YES_AGGRESSIVE;
				CLANG_WARN_UNREACHABLE_CODE = YES;
				CLANG_WARN__DUPLICATE_METHOD_MATCH = YES;
				COPY_PHASE_STRIP = NO;
				DEBUG_INFORMATION_FORMAT = "dwarf-with-dsym";
				ENABLE_NS_ASSERTIONS = NO;
				ENABLE_STRICT_OBJC_MSGSEND = YES;
				GCC_C_LANGUAGE_STANDARD = gnu11;
				GCC_NO_COMMON_BLOCKS = YES;
				GCC_WARN_64_TO_32_BIT_CONVERSION = YES;
				GCC_WARN_ABOUT_RETURN_TYPE = YES_ERROR;
				GCC_WARN_UNDECLARED_SELECTOR = YES;
				GCC_WARN_UNINITIALIZED_AUTOS = YES_AGGRESSIVE;
				GCC_WARN_UNUSED_FUNCTION = YES;
				GCC_WARN_UNUSED_VARIABLE = YES;
				IPHONEOS_DEPLOYMENT_TARGET = 14.5;
				MTL_ENABLE_DEBUG_INFO = NO;
				MTL_FAST_MATH = YES;
				SDKROOT = iphoneos;
				SWIFT_COMPILATION_MODE = wholemodule;
				SWIFT_OPTIMIZATION_LEVEL = "-O";
				VALIDATE_PRODUCT = YES;
			};
			name = Release;
		};
		D690675A2658795E00716728 /* Debug */ = {
			isa = XCBuildConfiguration;
			baseConfigurationReference = 10F8E80EB6BDF1BF3963DCC9 /* Pods-BookResearchApp.debug.xcconfig */;
			buildSettings = {
				ASSETCATALOG_COMPILER_APPICON_NAME = AppIcon;
				ASSETCATALOG_COMPILER_GLOBAL_ACCENT_COLOR_NAME = AccentColor;
				CODE_SIGN_STYLE = Automatic;
				DEVELOPMENT_TEAM = 3YH8M4N64N;
				INFOPLIST_FILE = BookResearchApp/Info.plist;
				IPHONEOS_DEPLOYMENT_TARGET = 13.0;
				LD_RUNPATH_SEARCH_PATHS = (
					"$(inherited)",
					"@executable_path/Frameworks",
				);
				PRODUCT_BUNDLE_IDENTIFIER = com.yuta.BookResearchApp;
				PRODUCT_NAME = "$(TARGET_NAME)";
				SWIFT_VERSION = 5.0;
				TARGETED_DEVICE_FAMILY = 1;
			};
			name = Debug;
		};
		D690675B2658795E00716728 /* Release */ = {
			isa = XCBuildConfiguration;
			baseConfigurationReference = C78B42C71F1E9D9B287A3A11 /* Pods-BookResearchApp.release.xcconfig */;
			buildSettings = {
				ASSETCATALOG_COMPILER_APPICON_NAME = AppIcon;
				ASSETCATALOG_COMPILER_GLOBAL_ACCENT_COLOR_NAME = AccentColor;
				CODE_SIGN_STYLE = Automatic;
				DEVELOPMENT_TEAM = 3YH8M4N64N;
				INFOPLIST_FILE = BookResearchApp/Info.plist;
				IPHONEOS_DEPLOYMENT_TARGET = 13.0;
				LD_RUNPATH_SEARCH_PATHS = (
					"$(inherited)",
					"@executable_path/Frameworks",
				);
				PRODUCT_BUNDLE_IDENTIFIER = com.yuta.BookResearchApp;
				PRODUCT_NAME = "$(TARGET_NAME)";
				SWIFT_VERSION = 5.0;
				TARGETED_DEVICE_FAMILY = 1;
			};
			name = Release;
		};
/* End XCBuildConfiguration section */

/* Begin XCConfigurationList section */
		D69067402658795E00716728 /* Build configuration list for PBXProject "BookResearchApp" */ = {
			isa = XCConfigurationList;
			buildConfigurations = (
				D69067572658795E00716728 /* Debug */,
				D69067582658795E00716728 /* Release */,
			);
			defaultConfigurationIsVisible = 0;
			defaultConfigurationName = Release;
		};
		D69067592658795E00716728 /* Build configuration list for PBXNativeTarget "BookResearchApp" */ = {
			isa = XCConfigurationList;
			buildConfigurations = (
				D690675A2658795E00716728 /* Debug */,
				D690675B2658795E00716728 /* Release */,
			);
			defaultConfigurationIsVisible = 0;
			defaultConfigurationName = Release;
		};
/* End XCConfigurationList section */
	};
	rootObject = D690673D2658795E00716728 /* Project object */;
}
