PODS:
  - Alamofire (5.4.1)
  - DropDown (2.3.13)
  - PKHUD (5.3.0)
  - Realm (10.5.0):
    - Realm/Headers (= 10.5.0)
  - Realm/Headers (10.5.0)
  - RealmSwift (10.5.0):
    - Realm (= 10.5.0)
  - SDWebImage (5.10.2):
    - SDWebImage/Core (= 5.10.2)
  - SDWebImage/Core (5.10.2)
  - SwiftyJSON (4.3.0)
  - VerticalCardSwiper (2.3.1)

DEPENDENCIES:
  - Alamofire (~> 5.2)
  - DropDown
  - PKHUD (~> 5.0)
  - RealmSwift
  - SDWebImage (~> 5.0)
  - SwiftyJSON (~> 4.0)
  - VerticalCardSwiper

SPEC REPOS:
  trunk:
    - Alamofire
    - DropDown
    - PKHUD
    - Realm
    - RealmSwift
    - SDWebImage
    - SwiftyJSON
    - VerticalCardSwiper

SPEC CHECKSUMS:
  Alamofire: 2291f7d21ca607c491dd17642e5d40fdcda0e65c
  DropDown: 8a2116376c1981888557f72ec2ffc9a5e0e456ec
  PKHUD: 98f3e4bc904b9c916f1c5bb6d765365b5357291b
  Realm: e1c22c3d83b229afb70ebc10e1771c91e9542d12
  RealmSwift: 6fc078d9d3fd7e58c71bfdbb694e252462f112a5
  SDWebImage: b969dcfc02c40a5da71eac0b03b8f1a0c794a86f
  SwiftyJSON: 6faa0040f8b59dead0ee07436cbf76b73c08fd08
  VerticalCardSwiper: 68df635b354500f86934ea044ade37a264c044c6

PODFILE CHECKSUM: a8694ced5463d57c3100510ba9e0552e82697dd8

COCOAPODS: 1.10.0
